PATH
  remote: ..
  specs:
    jwt_signed_request (2.6.0)
      jwt (>= 1.5.0)
      rack

GEM
  remote: https://rubygems.org/
  specs:
    appraisal (2.3.0)
      bundler
      rake
      thor (>= 0.14.0)
    diff-lcs (1.4.4)
    faraday (1.0.1)
      multipart-post (>= 1.2, < 3)
    jwt (2.2.1)
    multipart-post (2.1.1)
    rack (2.2.3)
    rack-test (1.1.0)
      rack (>= 1.0, < 3)
    rake (13.0.1)
    rspec (3.9.0)
      rspec-core (~> 3.9.0)
      rspec-expectations (~> 3.9.0)
      rspec-mocks (~> 3.9.0)
    rspec-core (3.9.2)
      rspec-support (~> 3.9.3)
    rspec-expectations (3.9.2)
      diff-lcs (>= 1.2.0, < 2.0)
      rspec-support (~> 3.9.0)
    rspec-mocks (3.9.1)
      diff-lcs (>= 1.2.0, < 2.0)
      rspec-support (~> 3.9.0)
    rspec-support (3.9.3)
    thor (1.0.1)
    timecop (0.9.1)

PLATFORMS
  ruby

DEPENDENCIES
  appraisal
  bundler
  faraday
  jwt (= 2.2.1)
  jwt_signed_request!
  rack-test
  rake
  rspec
  timecop

BUNDLED WITH
   2.1.4
